// !$*UTF8*$!
{
	archiveVersion = 1;
	classes = {
	};
	objectVersion = 46;
	objects = {

/* Begin PBXBuildFile section */
		301D59181DF7C8570034C9DF /* AppDelegate.swift in Sources */ = {isa = PBXBuildFile; fileRef = 301D59171DF7C8570034C9DF /* AppDelegate.swift */; };
		301D591A1DF7C8570034C9DF /* ViewController.swift in Sources */ = {isa = PBXBuildFile; fileRef = 301D59191DF7C8570034C9DF /* ViewController.swift */; };
		301D591D1DF7C8570034C9DF /* Main.storyboard in Resources */ = {isa = PBXBuildFile; fileRef = 301D591B1DF7C8570034C9DF /* Main.storyboard */; };
		301D591F1DF7C8570034C9DF /* Assets.xcassets in Resources */ = {isa = PBXBuildFile; fileRef = 301D591E1DF7C8570034C9DF /* Assets.xcassets */; };
		301D59221DF7C8570034C9DF /* LaunchScreen.storyboard in Resources */ = {isa = PBXBuildFile; fileRef = 301D59201DF7C8570034C9DF /* LaunchScreen.storyboard */; };
		301D592A1DF7C88F0034C9DF /* DDCollectionFlowLayout.swift in Sources */ = {isa = PBXBuildFile; fileRef = 301D59291DF7C88F0034C9DF /* DDCollectionFlowLayout.swift */; };
		301D592D1DF7C8B10034C9DF /* DDCollectionCell.swift in Sources */ = {isa = PBXBuildFile; fileRef = 301D592B1DF7C8B10034C9DF /* DDCollectionCell.swift */; };
		301D592E1DF7C8B10034C9DF /* DDCollectionCell.xib in Resources */ = {isa = PBXBuildFile; fileRef = 301D592C1DF7C8B10034C9DF /* DDCollectionCell.xib */; };
		301D59301DF7C8C40034C9DF /* ShopModel.swift in Sources */ = {isa = PBXBuildFile; fileRef = 301D592F1DF7C8C40034C9DF /* ShopModel.swift */; };
		301D59641DF807430034C9DF /* 1.plist in Resources */ = {isa = PBXBuildFile; fileRef = 301D59631DF807430034C9DF /* 1.plist */; };
		301D59661DF80AD10034C9DF /* loading.png in Resources */ = {isa = PBXBuildFile; fileRef = 301D59651DF80AD10034C9DF /* loading.png */; };
		7CA19A033EA163739C23E186 /* Pods_Swift___CollectionView.framework in Frameworks */ = {isa = PBXBuildFile; fileRef = E5435291FDB5726EF1230EE6 /* Pods_Swift___CollectionView.framework */; };
/* End PBXBuildFile section */

/* Begin PBXFileReference section */
		13623867AE2EF05B29695C25 /* Pods-Swift版本的CollectionView.debug.xcconfig */ = {isa = PBXFileReference; includeInIndex = 1; lastKnownFileType = text.xcconfig; name = "Pods-Swift版本的CollectionView.debug.xcconfig"; path = "Pods/Target Support Files/Pods-Swift版本的CollectionView/Pods-Swift版本的CollectionView.debug.xcconfig"; sourceTree = "<group>"; };
		301D59141DF7C8570034C9DF /* Swift版本的CollectionView.app */ = {isa = PBXFileReference; explicitFileType = wrapper.application; includeInIndex = 0; path = "Swift版本的CollectionView.app"; sourceTree = BUILT_PRODUCTS_DIR; };
		301D59171DF7C8570034C9DF /* AppDelegate.swift */ = {isa = PBXFileReference; lastKnownFileType = sourcecode.swift; path = AppDelegate.swift; sourceTree = "<group>"; };
		301D59191DF7C8570034C9DF /* ViewController.swift */ = {isa = PBXFileReference; lastKnownFileType = sourcecode.swift; path = ViewController.swift; sourceTree = "<group>"; };
		301D591C1DF7C8570034C9DF /* Base */ = {isa = PBXFileReference; lastKnownFileType = file.storyboard; name = Base; path = Base.lproj/Main.storyboard; sourceTree = "<group>"; };
		301D591E1DF7C8570034C9DF /* Assets.xcassets */ = {isa = PBXFileReference; lastKnownFileType = folder.assetcatalog; path = Assets.xcassets; sourceTree = "<group>"; };
		301D59211DF7C8570034C9DF /* Base */ = {isa = PBXFileReference; lastKnownFileType = file.storyboard; name = Base; path = Base.lproj/LaunchScreen.storyboard; sourceTree = "<group>"; };
		301D59231DF7C8570034C9DF /* Info.plist */ = {isa = PBXFileReference; lastKnownFileType = text.plist.xml; path = Info.plist; sourceTree = "<group>"; };
		301D59291DF7C88F0034C9DF /* DDCollectionFlowLayout.swift */ = {isa = PBXFileReference; fileEncoding = 4; lastKnownFileType = sourcecode.swift; path = DDCollectionFlowLayout.swift; sourceTree = "<group>"; };
		301D592B1DF7C8B10034C9DF /* DDCollectionCell.swift */ = {isa = PBXFileReference; fileEncoding = 4; lastKnownFileType = sourcecode.swift; path = DDCollectionCell.swift; sourceTree = "<group>"; };
		301D592C1DF7C8B10034C9DF /* DDCollectionCell.xib */ = {isa = PBXFileReference; fileEncoding = 4; lastKnownFileType = file.xib; path = DDCollectionCell.xib; sourceTree = "<group>"; };
		301D592F1DF7C8C40034C9DF /* ShopModel.swift */ = {isa = PBXFileReference; fileEncoding = 4; lastKnownFileType = sourcecode.swift; path = ShopModel.swift; sourceTree = "<group>"; };
		301D59631DF807430034C9DF /* 1.plist */ = {isa = PBXFileReference; fileEncoding = 4; lastKnownFileType = text.plist.xml; path = 1.plist; sourceTree = "<group>"; };
		301D59651DF80AD10034C9DF /* loading.png */ = {isa = PBXFileReference; lastKnownFileType = image.png; path = loading.png; sourceTree = "<group>"; };
		B7E75ABE52F7A046E7ED8FEA /* Pods-Swift版本的CollectionView.release.xcconfig */ = {isa = PBXFileReference; includeInIndex = 1; lastKnownFileType = text.xcconfig; name = "Pods-Swift版本的CollectionView.release.xcconfig"; path = "Pods/Target Support Files/Pods-Swift版本的CollectionView/Pods-Swift版本的CollectionView.release.xcconfig"; sourceTree = "<group>"; };
		E5435291FDB5726EF1230EE6 /* Pods_Swift___CollectionView.framework */ = {isa = PBXFileReference; explicitFileType = wrapper.framework; includeInIndex = 0; path = "Pods_Swift___CollectionView.framework"; sourceTree = BUILT_PRODUCTS_DIR; };
/* End PBXFileReference section */

/* Begin PBXFrameworksBuildPhase section */
		301D59111DF7C8570034C9DF /* Frameworks */ = {
			isa = PBXFrameworksBuildPhase;
			buildActionMask = 2147483647;
			files = (
				7CA19A033EA163739C23E186 /* Pods_Swift___CollectionView.framework in Frameworks */,
			);
			runOnlyForDeploymentPostprocessing = 0;
		};
/* End PBXFrameworksBuildPhase section */

/* Begin PBXGroup section */
		301D590B1DF7C8570034C9DF = {
			isa = PBXGroup;
			children = (
				301D59161DF7C8570034C9DF /* Swift版本的CollectionView */,
				301D59151DF7C8570034C9DF /* Products */,
				37FC397B9E16635AC16DCCE3 /* Pods */,
				943979EB05F3D300CADD189E /* Frameworks */,
			);
			sourceTree = "<group>";
		};
		301D59151DF7C8570034C9DF /* Products */ = {
			isa = PBXGroup;
			children = (
				301D59141DF7C8570034C9DF /* Swift版本的CollectionView.app */,
			);
			name = Products;
			sourceTree = "<group>";
		};
		301D59161DF7C8570034C9DF /* Swift版本的CollectionView */ = {
			isa = PBXGroup;
			children = (
				301D59671DF818D30034C9DF /* other */,
				301D59191DF7C8570034C9DF /* ViewController.swift */,
				301D59291DF7C88F0034C9DF /* DDCollectionFlowLayout.swift */,
				301D592B1DF7C8B10034C9DF /* DDCollectionCell.swift */,
				301D592C1DF7C8B10034C9DF /* DDCollectionCell.xib */,
				301D592F1DF7C8C40034C9DF /* ShopModel.swift */,
			);
			path = "Swift版本的CollectionView";
			sourceTree = "<group>";
		};
		301D59671DF818D30034C9DF /* other */ = {
			isa = PBXGroup;
			children = (
				301D59231DF7C8570034C9DF /* Info.plist */,
				301D591E1DF7C8570034C9DF /* Assets.xcassets */,
				301D59201DF7C8570034C9DF /* LaunchScreen.storyboard */,
				301D591B1DF7C8570034C9DF /* Main.storyboard */,
				301D59651DF80AD10034C9DF /* loading.png */,
				301D59631DF807430034C9DF /* 1.plist */,
				301D59171DF7C8570034C9DF /* AppDelegate.swift */,
			);
			name = other;
			sourceTree = "<group>";
		};
		37FC397B9E16635AC16DCCE3 /* Pods */ = {
			isa = PBXGroup;
			children = (
				13623867AE2EF05B29695C25 /* Pods-Swift版本的CollectionView.debug.xcconfig */,
				B7E75ABE52F7A046E7ED8FEA /* Pods-Swift版本的CollectionView.release.xcconfig */,
			);
			name = Pods;
			sourceTree = "<group>";
		};
		943979EB05F3D300CADD189E /* Frameworks */ = {
			isa = PBXGroup;
			children = (
				E5435291FDB5726EF1230EE6 /* Pods_Swift___CollectionView.framework */,
			);
			name = Frameworks;
			sourceTree = "<group>";
		};
/* End PBXGroup section */

/* Begin PBXNativeTarget section */
		301D59131DF7C8570034C9DF /* Swift版本的CollectionView */ = {
			isa = PBXNativeTarget;
			buildConfigurationList = 301D59261DF7C8570034C9DF /* Build configuration list for PBXNativeTarget "Swift版本的CollectionView" */;
			buildPhases = (
				B5C87A328DC62BE45534A5D4 /* [CP] Check Pods Manifest.lock */,
				301D59101DF7C8570034C9DF /* Sources */,
				301D59111DF7C8570034C9DF /* Frameworks */,
				301D59121DF7C8570034C9DF /* Resources */,
				E096903492B8655E76D47A6F /* [CP] Embed Pods Frameworks */,
				20B77E08D6E69CC4BE390995 /* [CP] Copy Pods Resources */,
			);
			buildRules = (
			);
			dependencies = (
			);
			name = "Swift版本的CollectionView";
			productName = "Swift版本的CollectionView";
			productReference = 301D59141DF7C8570034C9DF /* Swift版本的CollectionView.app */;
			productType = "com.apple.product-type.application";
		};
/* End PBXNativeTarget section */

/* Begin PBXProject section */
		301D590C1DF7C8570034C9DF /* Project object */ = {
			isa = PBXProject;
			attributes = {
				LastSwiftUpdateCheck = 0810;
				LastUpgradeCheck = 0810;
				ORGANIZATIONNAME = ddtc;
				TargetAttributes = {
					301D59131DF7C8570034C9DF = {
						CreatedOnToolsVersion = 8.1;
						DevelopmentTeam = CSPDBDZ5FD;
						ProvisioningStyle = Automatic;
					};
				};
			};
			buildConfigurationList = 301D590F1DF7C8570034C9DF /* Build configuration list for PBXProject "Swift版本的CollectionView" */;
			compatibilityVersion = "Xcode 3.2";
			developmentRegion = English;
			hasScannedForEncodings = 0;
			knownRegions = (
				en,
				Base,
			);
			mainGroup = 301D590B1DF7C8570034C9DF;
			productRefGroup = 301D59151DF7C8570034C9DF /* Products */;
			projectDirPath = "";
			projectRoot = "";
			targets = (
				301D59131DF7C8570034C9DF /* Swift版本的CollectionView */,
			);
		};
/* End PBXProject section */

/* Begin PBXResourcesBuildPhase section */
		301D59121DF7C8570034C9DF /* Resources */ = {
			isa = PBXResourcesBuildPhase;
			buildActionMask = 2147483647;
			files = (
				301D59661DF80AD10034C9DF /* loading.png in Resources */,
				301D59641DF807430034C9DF /* 1.plist in Resources */,
				301D59221DF7C8570034C9DF /* LaunchScreen.storyboard in Resources */,
				301D592E1DF7C8B10034C9DF /* DDCollectionCell.xib in Resources */,
				301D591F1DF7C8570034C9DF /* Assets.xcassets in Resources */,
				301D591D1DF7C8570034C9DF /* Main.storyboard in Resources */,
			);
			runOnlyForDeploymentPostprocessing = 0;
		};
/* End PBXResourcesBuildPhase section */

/* Begin PBXShellScriptBuildPhase section */
		20B77E08D6E69CC4BE390995 /* [CP] Copy Pods Resources */ = {
			isa = PBXShellScriptBuildPhase;
			buildActionMask = 2147483647;
			files = (
			);
			inputPaths = (
			);
			name = "[CP] Copy Pods Resources";
			outputPaths = (
			);
			runOnlyForDeploymentPostprocessing = 0;
			shellPath = /bin/sh;
			shellScript = "\"${SRCROOT}/Pods/Target Support Files/Pods-Swift版本的CollectionView/Pods-Swift版本的CollectionView-resources.sh\"\n";
			showEnvVarsInLog = 0;
		};
		B5C87A328DC62BE45534A5D4 /* [CP] Check Pods Manifest.lock */ = {
			isa = PBXShellScriptBuildPhase;
			buildActionMask = 2147483647;
			files = (
			);
			inputPaths = (
			);
			name = "[CP] Check Pods Manifest.lock";
			outputPaths = (
			);
			runOnlyForDeploymentPostprocessing = 0;
			shellPath = /bin/sh;
			shellScript = "diff \"${PODS_ROOT}/../Podfile.lock\" \"${PODS_ROOT}/Manifest.lock\" > /dev/null\nif [ $? != 0 ] ; then\n    # print error to STDERR\n    echo \"error: The sandbox is not in sync with the Podfile.lock. Run 'pod install' or update your CocoaPods installation.\" >&2\n    exit 1\nfi\n";
			showEnvVarsInLog = 0;
		};
		E096903492B8655E76D47A6F /* [CP] Embed Pods Frameworks */ = {
			isa = PBXShellScriptBuildPhase;
			buildActionMask = 2147483647;
			files = (
			);
			inputPaths = (
			);
			name = "[CP] Embed Pods Frameworks";
			outputPaths = (
			);
			runOnlyForDeploymentPostprocessing = 0;
			shellPath = /bin/sh;
			shellScript = "\"${SRCROOT}/Pods/Target Support Files/Pods-Swift版本的CollectionView/Pods-Swift版本的CollectionView-frameworks.sh\"\n";
			showEnvVarsInLog = 0;
		};
/* End PBXShellScriptBuildPhase section */

/* Begin PBXSourcesBuildPhase section */
		301D59101DF7C8570034C9DF /* Sources */ = {
			isa = PBXSourcesBuildPhase;
			buildActionMask = 2147483647;
			files = (
				301D592A1DF7C88F0034C9DF /* DDCollectionFlowLayout.swift in Sources */,
				301D592D1DF7C8B10034C9DF /* DDCollectionCell.swift in Sources */,
				301D591A1DF7C8570034C9DF /* ViewController.swift in Sources */,
				301D59301DF7C8C40034C9DF /* ShopModel.swift in Sources */,
				301D59181DF7C8570034C9DF /* AppDelegate.swift in Sources */,
			);
			runOnlyForDeploymentPostprocessing = 0;
		};
/* End PBXSourcesBuildPhase section */

/* Begin PBXVariantGroup section */
		301D591B1DF7C8570034C9DF /* Main.storyboard */ = {
			isa = PBXVariantGroup;
			children = (
				301D591C1DF7C8570034C9DF /* Base */,
			);
			name = Main.storyboard;
			sourceTree = "<group>";
		};
		301D59201DF7C8570034C9DF /* LaunchScreen.storyboard */ = {
			isa = PBXVariantGroup;
			children = (
				301D59211DF7C8570034C9DF /* Base */,
			);
			name = LaunchScreen.storyboard;
			sourceTree = "<group>";
		};
/* End PBXVariantGroup section */

/* Begin XCBuildConfiguration section */
		301D59241DF7C8570034C9DF /* Debug */ = {
			isa = XCBuildConfiguration;
			buildSettings = {
				ALWAYS_SEARCH_USER_PATHS = NO;
				CLANG_ANALYZER_NONNULL = YES;
				CLANG_CXX_LANGUAGE_STANDARD = "gnu++0x";
				CLANG_CXX_LIBRARY = "libc++";
				CLANG_ENABLE_MODULES = YES;
				CLANG_ENABLE_OBJC_ARC = YES;
				CLANG_WARN_BOOL_CONVERSION = YES;
				CLANG_WARN_CONSTANT_CONVERSION = YES;
				CLANG_WARN_DIRECT_OBJC_ISA_USAGE = YES_ERROR;
				CLANG_WARN_DOCUMENTATION_COMMENTS = YES;
				CLANG_WARN_EMPTY_BODY = YES;
				CLANG_WARN_ENUM_CONVERSION = YES;
				CLANG_WARN_INFINITE_RECURSION = YES;
				CLANG_WARN_INT_CONVERSION = YES;
				CLANG_WARN_OBJC_ROOT_CLASS = YES_ERROR;
				CLANG_WARN_SUSPICIOUS_MOVES = YES;
				CLANG_WARN_UNREACHABLE_CODE = YES;
				CLANG_WARN__DUPLICATE_METHOD_MATCH = YES;
				"CODE_SIGN_IDENTITY[sdk=iphoneos*]" = "iPhone Developer";
				COPY_PHASE_STRIP = NO;
				DEBUG_INFORMATION_FORMAT = dwarf;
				ENABLE_STRICT_OBJC_MSGSEND = YES;
				ENABLE_TESTABILITY = YES;
				GCC_C_LANGUAGE_STANDARD = gnu99;
				GCC_DYNAMIC_NO_PIC = NO;
				GCC_NO_COMMON_BLOCKS = YES;
				GCC_OPTIMIZATION_LEVEL = 0;
				GCC_PREPROCESSOR_DEFINITIONS = (
					"DEBUG=1",
					"$(inherited)",
				);
				GCC_WARN_64_TO_32_BIT_CONVERSION = YES;
				GCC_WARN_ABOUT_RETURN_TYPE = YES_ERROR;
				GCC_WARN_UNDECLARED_SELECTOR = YES;
				GCC_WARN_UNINITIALIZED_AUTOS = YES_AGGRESSIVE;
				GCC_WARN_UNUSED_FUNCTION = YES;
				GCC_WARN_UNUSED_VARIABLE = YES;
				IPHONEOS_DEPLOYMENT_TARGET = 10.1;
				MTL_ENABLE_DEBUG_INFO = YES;
				ONLY_ACTIVE_ARCH = YES;
				SDKROOT = iphoneos;
				SWIFT_ACTIVE_COMPILATION_CONDITIONS = DEBUG;
				SWIFT_OPTIMIZATION_LEVEL = "-Onone";
			};
			name = Debug;
		};
		301D59251DF7C8570034C9DF /* Release */ = {
			isa = XCBuildConfiguration;
			buildSettings = {
				ALWAYS_SEARCH_USER_PATHS = NO;
				CLANG_ANALYZER_NONNULL = YES;
				CLANG_CXX_LANGUAGE_STANDARD = "gnu++0x";
				CLANG_CXX_LIBRARY = "libc++";
				CLANG_ENABLE_MODULES = YES;
				CLANG_ENABLE_OBJC_ARC = YES;
				CLANG_WARN_BOOL_CONVERSION = YES;
				CLANG_WARN_CONSTANT_CONVERSION = YES;
				CLANG_WARN_DIRECT_OBJC_ISA_USAGE = YES_ERROR;
				CLANG_WARN_DOCUMENTATION_COMMENTS = YES;
				CLANG_WARN_EMPTY_BODY = YES;
				CLANG_WARN_ENUM_CONVERSION = YES;
				CLANG_WARN_INFINITE_RECURSION = YES;
				CLANG_WARN_INT_CONVERSION = YES;
				CLANG_WARN_OBJC_ROOT_CLASS = YES_ERROR;
				CLANG_WARN_SUSPICIOUS_MOVES = YES;
				CLANG_WARN_UNREACHABLE_CODE = YES;
				CLANG_WARN__DUPLICATE_METHOD_MATCH = YES;
				"CODE_SIGN_IDENTITY[sdk=iphoneos*]" = "iPhone Developer";
				COPY_PHASE_STRIP = NO;
				DEBUG_INFORMATION_FORMAT = "dwarf-with-dsym";
				ENABLE_NS_ASSERTIONS = NO;
				ENABLE_STRICT_OBJC_MSGSEND = YES;
				GCC_C_LANGUAGE_STANDARD = gnu99;
				GCC_NO_COMMON_BLOCKS = YES;
				GCC_WARN_64_TO_32_BIT_CONVERSION = YES;
				GCC_WARN_ABOUT_RETURN_TYPE = YES_ERROR;
				GCC_WARN_UNDECLARED_SELECTOR = YES;
				GCC_WARN_UNINITIALIZED_AUTOS = YES_AGGRESSIVE;
				GCC_WARN_UNUSED_FUNCTION = YES;
				GCC_WARN_UNUSED_VARIABLE = YES;
				IPHONEOS_DEPLOYMENT_TARGET = 10.1;
				MTL_ENABLE_DEBUG_INFO = NO;
				SDKROOT = iphoneos;
				SWIFT_OPTIMIZATION_LEVEL = "-Owholemodule";
				VALIDATE_PRODUCT = YES;
			};
			name = Release;
		};
		301D59271DF7C8570034C9DF /* Debug */ = {
			isa = XCBuildConfiguration;
			baseConfigurationReference = 13623867AE2EF05B29695C25 /* Pods-Swift版本的CollectionView.debug.xcconfig */;
			buildSettings = {
				ASSETCATALOG_COMPILER_APPICON_NAME = AppIcon;
				DEVELOPMENT_TEAM = CSPDBDZ5FD;
				INFOPLIST_FILE = "Swift版本的CollectionView/Info.plist";
				LD_RUNPATH_SEARCH_PATHS = "$(inherited) @executable_path/Frameworks";
				PRODUCT_BUNDLE_IDENTIFIER = "com.ddtc.Swift---CollectionView";
				PRODUCT_NAME = "$(TARGET_NAME)";
				SWIFT_VERSION = 3.0;
			};
			name = Debug;
		};
		301D59281DF7C8570034C9DF /* Release */ = {
			isa = XCBuildConfiguration;
			baseConfigurationReference = B7E75ABE52F7A046E7ED8FEA /* Pods-Swift版本的CollectionView.release.xcconfig */;
			buildSettings = {
				ASSETCATALOG_COMPILER_APPICON_NAME = AppIcon;
				DEVELOPMENT_TEAM = CSPDBDZ5FD;
				INFOPLIST_FILE = "Swift版本的CollectionView/Info.plist";
				LD_RUNPATH_SEARCH_PATHS = "$(inherited) @executable_path/Frameworks";
				PRODUCT_BUNDLE_IDENTIFIER = "com.ddtc.Swift---CollectionView";
				PRODUCT_NAME = "$(TARGET_NAME)";
				SWIFT_VERSION = 3.0;
			};
			name = Release;
		};
/* End XCBuildConfiguration section */

/* Begin XCConfigurationList section */
		301D590F1DF7C8570034C9DF /* Build configuration list for PBXProject "Swift版本的CollectionView" */ = {
			isa = XCConfigurationList;
			buildConfigurations = (
				301D59241DF7C8570034C9DF /* Debug */,
				301D59251DF7C8570034C9DF /* Release */,
			);
			defaultConfigurationIsVisible = 0;
			defaultConfigurationName = Release;
		};
		301D59261DF7C8570034C9DF /* Build configuration list for PBXNativeTarget "Swift版本的CollectionView" */ = {
			isa = XCConfigurationList;
			buildConfigurations = (
				301D59271DF7C8570034C9DF /* Debug */,
				301D59281DF7C8570034C9DF /* Release */,
			);
			defaultConfigurationIsVisible = 0;
			defaultConfigurationName = Release;
		};
/* End XCConfigurationList section */
	};
	rootObject = 301D590C1DF7C8570034C9DF /* Project object */;
}
